# generated by rye
# use `rye lock` or `rye sync` to update this lockfile
#
# last locked with the following flags:
#   pre: false
#   features: []
#   all-features: false
#   with-sources: false

-e file:.
coverage==7.4.3
    # via coverage-sh
exceptiongroup==1.2.0
    # via pytest
iniconfig==2.0.0
    # via pytest
mypy==1.9.0
mypy-extensions==1.0.0
    # via mypy
packaging==24.0
    # via pytest
pluggy==1.4.0
    # via pytest
pytest==8.1.1
python-magic==0.4.27
    # via coverage-sh
ruff==0.3.2
tomli==2.0.1
    # via mypy
    # via pytest
tree-sitter==0.21.0
    # via tree-sitter-languages
tree-sitter-languages==1.10.2
    # via coverage-sh
types-tree-sitter==0.20.1.20240311
    # via types-tree-sitter-languages
types-tree-sitter-languages==1.10.0.20240201
typing-extensions==4.10.0
    # via mypy
setuptools==69.1.1
